{
  "projects": [
    {
      "projectId": "scFep1yV2m46PC9GmZdAAJ",
      "version": "latest",
      "dependencies": {},
      "lang": "js",
      "fileLocks": [
        {
          "type": "globalVariant",
          "assetId": "LwkYG8ZE9pdYs",
          "checksum": "ca271076900d34cbd8ee42b91afe2466"
        },
        {
          "assetId": "scFep1yV2m46PC9GmZdAAJ",
          "type": "projectCss",
          "checksum": "c3a182b3f465aa3bf804174045efa93a"
        },
        {
          "type": "renderModule",
          "assetId": "gDtVwQQ5omnc6",
          "checksum": "ca1207e85a3c5bc6995ffb2010f12ba3"
        },
        {
          "type": "cssRules",
          "assetId": "gDtVwQQ5omnc6",
          "checksum": "ca1207e85a3c5bc6995ffb2010f12ba3"
        },
        {
          "type": "renderModule",
          "assetId": "a3eSPHl8zvXEv5",
          "checksum": "d92b07b27c66a94ce650025894720438"
        },
        {
          "type": "cssRules",
          "assetId": "a3eSPHl8zvXEv5",
          "checksum": "d92b07b27c66a94ce650025894720438"
        },
        {
          "type": "renderModule",
          "assetId": "24Ns76HZ8CU199",
          "checksum": "26e89c279ca3a0372dd4fc8ef6cf33bd"
        },
        {
          "type": "cssRules",
          "assetId": "24Ns76HZ8CU199",
          "checksum": "26e89c279ca3a0372dd4fc8ef6cf33bd"
        },
        {
          "type": "renderModule",
          "assetId": "3jHhcXtQUHiOBe",
          "checksum": "a139758cfb6371e00442e76826095b74"
        },
        {
          "type": "cssRules",
          "assetId": "3jHhcXtQUHiOBe",
          "checksum": "a139758cfb6371e00442e76826095b74"
        },
        {
          "type": "renderModule",
          "assetId": "7_ur_Gg5fMLo0x",
          "checksum": "4097914764c5880b48409c7ddfed79c3"
        },
        {
          "type": "cssRules",
          "assetId": "7_ur_Gg5fMLo0x",
          "checksum": "4097914764c5880b48409c7ddfed79c3"
        },
        {
          "type": "renderModule",
          "assetId": "cKiMOdlCy1XX5q",
          "checksum": "e1f32e775f346077e0076b05a8377a6d"
        },
        {
          "type": "cssRules",
          "assetId": "cKiMOdlCy1XX5q",
          "checksum": "e1f32e775f346077e0076b05a8377a6d"
        },
        {
          "type": "renderModule",
          "assetId": "pCj1UpAZoaMeJL",
          "checksum": "a64b00834221dca9df2d66c1053063fa"
        },
        {
          "type": "cssRules",
          "assetId": "pCj1UpAZoaMeJL",
          "checksum": "a64b00834221dca9df2d66c1053063fa"
        },
        {
          "type": "renderModule",
          "assetId": "xYz3o7XyodVA1_",
          "checksum": "1c5213599936741d0e190a4a19abb820"
        },
        {
          "type": "cssRules",
          "assetId": "xYz3o7XyodVA1_",
          "checksum": "1c5213599936741d0e190a4a19abb820"
        },
        {
          "type": "renderModule",
          "assetId": "NFaAhK7CNnboU_",
          "checksum": "eb59df5659b6c4b8ce3005586a2b1878"
        },
        {
          "type": "cssRules",
          "assetId": "NFaAhK7CNnboU_",
          "checksum": "eb59df5659b6c4b8ce3005586a2b1878"
        },
        {
          "type": "renderModule",
          "assetId": "ZAPv9uZXsb-IqK",
          "checksum": "e4c0eb2699a7ce5187224731d6d086cf"
        },
        {
          "type": "cssRules",
          "assetId": "ZAPv9uZXsb-IqK",
          "checksum": "e4c0eb2699a7ce5187224731d6d086cf"
        },
        {
          "type": "renderModule",
          "assetId": "mHl_x0aV05gLDD",
          "checksum": "6a954863845a54e8caa64b8bef5eee61"
        },
        {
          "type": "cssRules",
          "assetId": "mHl_x0aV05gLDD",
          "checksum": "6a954863845a54e8caa64b8bef5eee61"
        },
        {
          "type": "renderModule",
          "assetId": "9zsWfGCN3VHyK7",
          "checksum": "89300f9a32b1fade62e8a945835a59de"
        },
        {
          "type": "cssRules",
          "assetId": "9zsWfGCN3VHyK7",
          "checksum": "89300f9a32b1fade62e8a945835a59de"
        },
        {
          "type": "renderModule",
          "assetId": "8qHKVd8Do2XTma",
          "checksum": "ede711987e3546972173defa89ce4a1c"
        },
        {
          "type": "cssRules",
          "assetId": "8qHKVd8Do2XTma",
          "checksum": "ede711987e3546972173defa89ce4a1c"
        },
        {
          "type": "renderModule",
          "assetId": "Y08WiHmlpDHerS",
          "checksum": "950037c7fd4abfd424f0d78f178f367f"
        },
        {
          "type": "cssRules",
          "assetId": "Y08WiHmlpDHerS",
          "checksum": "950037c7fd4abfd424f0d78f178f367f"
        },
        {
          "type": "renderModule",
          "assetId": "M6FTF8hcCIDSdH",
          "checksum": "5d51e49c64977d897b5cc9318f8ac330"
        },
        {
          "type": "cssRules",
          "assetId": "M6FTF8hcCIDSdH",
          "checksum": "5d51e49c64977d897b5cc9318f8ac330"
        },
        {
          "type": "renderModule",
          "assetId": "pDoRRVqWjpex",
          "checksum": "f880f5cfd34ec6597521d384e7bb3110"
        },
        {
          "type": "cssRules",
          "assetId": "pDoRRVqWjpex",
          "checksum": "f880f5cfd34ec6597521d384e7bb3110"
        },
        {
          "type": "icon",
          "assetId": "FS4934u8pYlyi",
          "checksum": "c06a50fca5b6481a40123e67488a459b"
        },
        {
          "type": "icon",
          "assetId": "jigZqRRMss0H7",
          "checksum": "87fb14afea018ee71a426b36fdcead6f"
        },
        {
          "type": "icon",
          "assetId": "PiZhtkG_MlZum",
          "checksum": "0415f991c14bb08743f0905e3c28e8ff"
        },
        {
          "type": "icon",
          "assetId": "rxwgZlqDfQ4ZE",
          "checksum": "e92365b7d6c22d2273759a24793fad5f"
        },
        {
          "type": "icon",
          "assetId": "zkR8jhVePdAqR",
          "checksum": "afdf065cb0c6d721d59315bf1812ab32"
        },
        {
          "type": "icon",
          "assetId": "1jdZnlqU2fWmh",
          "checksum": "a613fd92ee16d7b7b0ed6536fa9a3ccc"
        },
        {
          "type": "icon",
          "assetId": "8EhjKVrUZTSWw",
          "checksum": "1b4628d65b348b534b534b4ae18977b8"
        },
        {
          "type": "icon",
          "assetId": "wisQGnmy1HCWa",
          "checksum": "c400b3fb81175291360b21d9e4681b2c"
        },
        {
          "type": "icon",
          "assetId": "MbwTi4khdf7cE",
          "checksum": "c036bfee60908e7f24477934d06331ca"
        },
        {
          "type": "icon",
          "assetId": "QSw3LsQaf9h8X",
          "checksum": "6adfc943581c56bf042edfb7d4673db6"
        },
        {
          "type": "icon",
          "assetId": "z-1bHa1_jPZ-G",
          "checksum": "2de329265c03432d7d0ab8d5882f3fde"
        },
        {
          "type": "icon",
          "assetId": "hLEjoX8O7jNwR",
          "checksum": "e9734c2477e735b712d89a5c15ca3c5c"
        },
        {
          "type": "icon",
          "assetId": "pEYl2vPM3Nfh3",
          "checksum": "19da25e96a1b4da7abcded16d8fb8bef"
        },
        {
          "type": "icon",
          "assetId": "Qx8M72F4jev0i",
          "checksum": "c3a2a5ccfeee50e89ebde2f23b8b2385"
        },
        {
          "type": "icon",
          "assetId": "l16C680H0ebaN",
          "checksum": "5897e1a475574fd2b82c43accf890771"
        },
        {
          "type": "icon",
          "assetId": "ezhfOWcVI4wD2",
          "checksum": "fb18e0564b7243bd9978e6cc4efdb8fe"
        },
        {
          "type": "icon",
          "assetId": "xnUwgXdH7eoPa",
          "checksum": "945ce353f6721d916f3ce3c8ffd1a6e3"
        },
        {
          "type": "image",
          "assetId": "C1G4uvNDXnbq9",
          "checksum": "5ee7440757a08e253e67dcfca7604a2a"
        },
        {
          "type": "image",
          "assetId": "3zSBQeugj4Uae",
          "checksum": "d316651d284da06edc81665cc3a4a863"
        },
        {
          "type": "image",
          "assetId": "97S7rFodIStwa",
          "checksum": "a99d7f849a225b8292f6046966314be0"
        },
        {
          "type": "image",
          "assetId": "7y9rC7C045tS1",
          "checksum": "fa0bfdf211bb59ece8b7e9e47d6d65c6"
        },
        {
          "type": "image",
          "assetId": "r8fFUHTXrhyzg",
          "checksum": "afb35a84ee7a9d69cff2ef95805e69c6"
        },
        {
          "type": "image",
          "assetId": "32C5Ajn3bJ8NO",
          "checksum": "e02ca9f499a0e8d2a914485b1c083661"
        },
        {
          "type": "image",
          "assetId": "qcVYAlON6Xo1H",
          "checksum": "cdf8b382e72b84e4d37a0bcf5cec2c73"
        },
        {
          "type": "image",
          "assetId": "bjQZzm3ouR37Y",
          "checksum": "1a13a214a77a0035a8f99b4e35b819b6"
        },
        {
          "type": "image",
          "assetId": "mcqH0jtTiGtxg",
          "checksum": "d653d819f717da1f1f0730a038354795"
        },
        {
          "type": "image",
          "assetId": "NIHMNntJZ0Exu",
          "checksum": "d566a3465e5fe17a089638e066045aed"
        },
        {
          "type": "image",
          "assetId": "0Z-c70wxg6lS7",
          "checksum": "8b5ca0fb5aaed7deb8f14ceecf8f4fe7"
        },
        {
          "type": "image",
          "assetId": "Hb-r_HTdjarv0",
          "checksum": "b8d7089ff8005bf2f885d21fa04f9447"
        },
        {
          "type": "image",
          "assetId": "DKgidXsX5nNz_",
          "checksum": "99b00442378e800a879b64163e0cc3e6"
        },
        {
          "type": "image",
          "assetId": "bMRulaVBAezQu",
          "checksum": "0bf5995955a5100589142d2764f79fef"
        },
        {
          "type": "image",
          "assetId": "oStIj-nQ0Xnvo",
          "checksum": "c1f79540805c3fbcf99a8e6c3034b7af"
        },
        {
          "type": "image",
          "assetId": "6yHwalKGImW4Z",
          "checksum": "5c91009bc337d26a1a48a8c25fe3d28a"
        },
        {
          "type": "image",
          "assetId": "WYFJRI6O_KMkc",
          "checksum": "9bcaa0465600b006a82ed88cd12efc6a"
        },
        {
          "type": "image",
          "assetId": "LXt_8rHyeq9as",
          "checksum": "b3f8536b9398f1a35048a9ce7534de0a"
        },
        {
          "type": "image",
          "assetId": "gsGIEOZRg5Yeh",
          "checksum": "d27029ba72c0c5f57d143e60c7e66dc3"
        },
        {
          "type": "image",
          "assetId": "jBNIzTsNKKhfY",
          "checksum": "585c3bf9e4cc75444008a98f24fa856c"
        }
      ],
      "codegenVersion": "0.0.1"
    }
  ],
  "cliVersion": "0.1.209"
}
